
Microsoft Visual Studio Solution File, Format Version 12.00
# Visual Studio 15
VisualStudioVersion = 15.0.28010.2041
MinimumVisualStudioVersion = 10.0.40219.1
Project("{FAE04EC0-301F-11D3-BF4B-00C04F79EFBC}") = "MyNetCoreMVC", "MyNetCoreMVC\MyNetCoreMVC.csproj", "{4812A35B-9A82-4754-9BA7-8FB5938DB7BD}"
EndProject
Global
	GlobalSection(SolutionConfigurationPlatforms) = preSolution
		Debug|Any CPU = Debug|Any CPU
		Release|Any CPU = Release|Any CPU
	EndGlobalSection
	GlobalSection(ProjectConfigurationPlatforms) = postSolution
		{4812A35B-9A82-4754-9BA7-8FB5938DB7BD}.Debug|Any CPU.ActiveCfg = Debug|Any CPU
		{4812A35B-9A82-4754-9BA7-8FB5938DB7BD}.Debug|Any CPU.Build.0 = Debug|Any CPU
		{4812A35B-9A82-4754-9BA7-8FB5938DB7BD}.Release|Any CPU.ActiveCfg = Release|Any CPU
		{4812A35B-9A82-4754-9BA7-8FB5938DB7BD}.Release|Any CPU.Build.0 = Release|Any CPU
	EndGlobalSection
	GlobalSection(SolutionProperties) = preSolution
		HideSolutionNode = FALSE
	EndGlobalSection
	GlobalSection(ExtensibilityGlobals) = postSolution
		SolutionGuid = {6D5D6D4E-43FE-46B3-AC70-586AC3CBA67B}
	EndGlobalSection
EndGlobal
